
Microsoft Visual Studio Solution File, Format Version 12.00
# Visual Studio Version 17
VisualStudioVersion = 17.10.35122.118
MinimumVisualStudioVersion = 10.0.40219.1
Project("{FAE04EC0-301F-11D3-BF4B-00C04F79EFBC}") = "Domain", "..\Domain\Domain.csproj", "{65C7BC76-64CD-4DEE-89D5-36F0D4BA2D15}"
EndProject
Project("{FAE04EC0-301F-11D3-BF4B-00C04F79EFBC}") = "Application", "..\Application\Application.csproj", "{25D9BE24-F57C-4097-B836-49506EB2D517}"
EndProject
Project("{FAE04EC0-301F-11D3-BF4B-00C04F79EFBC}") = "Infrastructure", "..\Infrastructure\Infrastructure.csproj", "{E0622390-C50F-4237-88EF-BED2C17F68ED}"
EndProject
Project("{FAE04EC0-301F-11D3-BF4B-00C04F79EFBC}") = "RestAPI", "..\RestAPI\RestAPI.csproj", "{FCAFC5D7-393A-41DD-B912-6F7AE50AE31E}"
EndProject
Global
	GlobalSection(SolutionConfigurationPlatforms) = preSolution
		Debug|Any CPU = Debug|Any CPU
		Release|Any CPU = Release|Any CPU
	EndGlobalSection
	GlobalSection(ProjectConfigurationPlatforms) = postSolution
		{65C7BC76-64CD-4DEE-89D5-36F0D4BA2D15}.Debug|Any CPU.ActiveCfg = Debug|Any CPU
		{65C7BC76-64CD-4DEE-89D5-36F0D4BA2D15}.Debug|Any CPU.Build.0 = Debug|Any CPU
		{65C7BC76-64CD-4DEE-89D5-36F0D4BA2D15}.Release|Any CPU.ActiveCfg = Release|Any CPU
		{65C7BC76-64CD-4DEE-89D5-36F0D4BA2D15}.Release|Any CPU.Build.0 = Release|Any CPU
		{25D9BE24-F57C-4097-B836-49506EB2D517}.Debug|Any CPU.ActiveCfg = Debug|Any CPU
		{25D9BE24-F57C-4097-B836-49506EB2D517}.Debug|Any CPU.Build.0 = Debug|Any CPU
		{25D9BE24-F57C-4097-B836-49506EB2D517}.Release|Any CPU.ActiveCfg = Release|Any CPU
		{25D9BE24-F57C-4097-B836-49506EB2D517}.Release|Any CPU.Build.0 = Release|Any CPU
		{E0622390-C50F-4237-88EF-BED2C17F68ED}.Debug|Any CPU.ActiveCfg = Debug|Any CPU
		{E0622390-C50F-4237-88EF-BED2C17F68ED}.Debug|Any CPU.Build.0 = Debug|Any CPU
		{E0622390-C50F-4237-88EF-BED2C17F68ED}.Release|Any CPU.ActiveCfg = Release|Any CPU
		{E0622390-C50F-4237-88EF-BED2C17F68ED}.Release|Any CPU.Build.0 = Release|Any CPU
		{FCAFC5D7-393A-41DD-B912-6F7AE50AE31E}.Debug|Any CPU.ActiveCfg = Debug|Any CPU
		{FCAFC5D7-393A-41DD-B912-6F7AE50AE31E}.Debug|Any CPU.Build.0 = Debug|Any CPU
		{FCAFC5D7-393A-41DD-B912-6F7AE50AE31E}.Release|Any CPU.ActiveCfg = Release|Any CPU
		{FCAFC5D7-393A-41DD-B912-6F7AE50AE31E}.Release|Any CPU.Build.0 = Release|Any CPU
	EndGlobalSection
	GlobalSection(SolutionProperties) = preSolution
		HideSolutionNode = FALSE
	EndGlobalSection
	GlobalSection(ExtensibilityGlobals) = postSolution
		SolutionGuid = {3604B62D-CAB4-4067-8C54-559E1ED4063E}
	EndGlobalSection
EndGlobal
